
Microsoft Visual Studio Solution File, Format Version 12.00
# Visual Studio Version 17
VisualStudioVersion = 17.5.33627.172
MinimumVisualStudioVersion = 10.0.40219.1
Project("{FAE04EC0-301F-11D3-BF4B-00C04F79EFBC}") = "numberSystemConversion", "numberSystemConversion.csproj", "{DC517ACE-DE21-431F-8BE2-BF5FD30D4258}"
EndProject
Global
	GlobalSection(SolutionConfigurationPlatforms) = preSolution
		Debug|Any CPU = Debug|Any CPU
		Release|Any CPU = Release|Any CPU
	EndGlobalSection
	GlobalSection(ProjectConfigurationPlatforms) = postSolution
		{DC517ACE-DE21-431F-8BE2-BF5FD30D4258}.Debug|Any CPU.ActiveCfg = Debug|Any CPU
		{DC517ACE-DE21-431F-8BE2-BF5FD30D4258}.Debug|Any CPU.Build.0 = Debug|Any CPU
		{DC517ACE-DE21-431F-8BE2-BF5FD30D4258}.Release|Any CPU.ActiveCfg = Release|Any CPU
		{DC517ACE-DE21-431F-8BE2-BF5FD30D4258}.Release|Any CPU.Build.0 = Release|Any CPU
	EndGlobalSection
	GlobalSection(SolutionProperties) = preSolution
		HideSolutionNode = FALSE
	EndGlobalSection
	GlobalSection(ExtensibilityGlobals) = postSolution
		SolutionGuid = {F6569D39-67D0-4B4D-821E-67F8B7E5EA60}
	EndGlobalSection
EndGlobal
